
Microsoft Visual Studio Solution File, Format Version 12.00
# Visual Studio 15
Project("{FAE04EC0-301F-11D3-BF4B-00C04F79EFBC}") = "Katanem", "Katanem.csproj", "{1B6EA268-39F2-B4DA-29FB-A423EA7696FF}"
EndProject
Global
	GlobalSection(SolutionConfigurationPlatforms) = preSolution
		Debug|Any CPU = Debug|Any CPU
		Release|Any CPU = Release|Any CPU
	EndGlobalSection
	GlobalSection(ProjectConfigurationPlatforms) = postSolution
		{1B6EA268-39F2-B4DA-29FB-A423EA7696FF}.Debug|Any CPU.ActiveCfg = Debug|Any CPU
		{1B6EA268-39F2-B4DA-29FB-A423EA7696FF}.Debug|Any CPU.Build.0 = Debug|Any CPU
		{1B6EA268-39F2-B4DA-29FB-A423EA7696FF}.Release|Any CPU.ActiveCfg = Release|Any CPU
		{1B6EA268-39F2-B4DA-29FB-A423EA7696FF}.Release|Any CPU.Build.0 = Release|Any CPU
	EndGlobalSection
	GlobalSection(SolutionProperties) = preSolution
		HideSolutionNode = FALSE
	EndGlobalSection
EndGlobal
